
Microsoft Visual Studio Solution File, Format Version 12.00
# Visual Studio Version 16
VisualStudioVersion = 16.0.30204.135
MinimumVisualStudioVersion = 10.0.40219.1
Project("{9A19103F-16F7-4668-BE54-9A1E7A4F7556}") = "ImageUploadDemo", "ImageUploadDemo\ImageUploadDemo.csproj", "{1F38EA90-FE0F-4A6A-A8FB-4388396C1A00}"
EndProject
Global
	GlobalSection(SolutionConfigurationPlatforms) = preSolution
		Debug|Any CPU = Debug|Any CPU
		Release|Any CPU = Release|Any CPU
	EndGlobalSection
	GlobalSection(ProjectConfigurationPlatforms) = postSolution
		{1F38EA90-FE0F-4A6A-A8FB-4388396C1A00}.Debug|Any CPU.ActiveCfg = Debug|Any CPU
		{1F38EA90-FE0F-4A6A-A8FB-4388396C1A00}.Debug|Any CPU.Build.0 = Debug|Any CPU
		{1F38EA90-FE0F-4A6A-A8FB-4388396C1A00}.Release|Any CPU.ActiveCfg = Release|Any CPU
		{1F38EA90-FE0F-4A6A-A8FB-4388396C1A00}.Release|Any CPU.Build.0 = Release|Any CPU
	EndGlobalSection
	GlobalSection(SolutionProperties) = preSolution
		HideSolutionNode = FALSE
	EndGlobalSection
	GlobalSection(ExtensibilityGlobals) = postSolution
		SolutionGuid = {A30290DC-E9BF-415F-B2F6-B034352B93E9}
	EndGlobalSection
EndGlobal
